{
  "name": "auth",
  "version": "0.1.0",
  "lockfileVersion": 1,
  "requires": true,
  "dependencies": {
    "keymaster": {
      "version": "1.6.2",
      "resolved": "https://registry.npmjs.org/keymaster/-/keymaster-1.6.2.tgz",
      "integrity": "sha1-4a5U0OqUiPn2C2a2aPAumhlGxus="
    },
    "react-popup": {
      "version": "0.9.3",
      "resolved": "https://registry.npmjs.org/react-popup/-/react-popup-0.9.3.tgz",
      "integrity": "sha512-w6bC/Yo+ybe76npOGwoZyGC2f5IaNpHp5GP/Oa63RpYJKn/hERstMCkKMHrTyWNCkxCK+DCpizkQs9DdhBL/HA==",
      "requires": {
        "keymaster": "1.6.2"
      }
    }
  }
}
